
Microsoft Visual Studio Solution File, Format Version 12.00
# Visual Studio Version 17
VisualStudioVersion = 17.6.33829.357
MinimumVisualStudioVersion = 10.0.40219.1
Project("{2150E333-8FDC-42A3-9474-1A3956D46DE8}") = "src", "src", "{0E7428FC-78F1-4AD6-806F-85BF37920DF7}"
EndProject
Project("{2150E333-8FDC-42A3-9474-1A3956D46DE8}") = "test", "test", "{A3CEC036-63D9-41C6-ACBA-E30314ABDC56}"
EndProject
Project("{FAE04EC0-301F-11D3-BF4B-00C04F79EFBC}") = "Domain", "Domain\Domain.csproj", "{C2FD3370-75A3-4EC2-A140-3FF1717B5094}"
EndProject
Project("{FAE04EC0-301F-11D3-BF4B-00C04F79EFBC}") = "Application", "Application\Application.csproj", "{786F37B8-DD54-44D0-8D93-5877287E8CF5}"
EndProject
Project("{FAE04EC0-301F-11D3-BF4B-00C04F79EFBC}") = "Infrastructure", "Infrastructure\Infrastructure.csproj", "{928FFDFB-83A6-4050-A4DC-7818B97D2BD0}"
EndProject
Project("{FAE04EC0-301F-11D3-BF4B-00C04F79EFBC}") = "Web.API", "Web.API\Web.API.csproj", "{060AC279-7F10-417A-9704-D12B445F91F6}"
EndProject
Global
	GlobalSection(SolutionConfigurationPlatforms) = preSolution
		Debug|Any CPU = Debug|Any CPU
		Release|Any CPU = Release|Any CPU
	EndGlobalSection
	GlobalSection(ProjectConfigurationPlatforms) = postSolution
		{C2FD3370-75A3-4EC2-A140-3FF1717B5094}.Debug|Any CPU.ActiveCfg = Debug|Any CPU
		{C2FD3370-75A3-4EC2-A140-3FF1717B5094}.Debug|Any CPU.Build.0 = Debug|Any CPU
		{C2FD3370-75A3-4EC2-A140-3FF1717B5094}.Release|Any CPU.ActiveCfg = Release|Any CPU
		{C2FD3370-75A3-4EC2-A140-3FF1717B5094}.Release|Any CPU.Build.0 = Release|Any CPU
		{786F37B8-DD54-44D0-8D93-5877287E8CF5}.Debug|Any CPU.ActiveCfg = Debug|Any CPU
		{786F37B8-DD54-44D0-8D93-5877287E8CF5}.Debug|Any CPU.Build.0 = Debug|Any CPU
		{786F37B8-DD54-44D0-8D93-5877287E8CF5}.Release|Any CPU.ActiveCfg = Release|Any CPU
		{786F37B8-DD54-44D0-8D93-5877287E8CF5}.Release|Any CPU.Build.0 = Release|Any CPU
		{928FFDFB-83A6-4050-A4DC-7818B97D2BD0}.Debug|Any CPU.ActiveCfg = Debug|Any CPU
		{928FFDFB-83A6-4050-A4DC-7818B97D2BD0}.Debug|Any CPU.Build.0 = Debug|Any CPU
		{928FFDFB-83A6-4050-A4DC-7818B97D2BD0}.Release|Any CPU.ActiveCfg = Release|Any CPU
		{928FFDFB-83A6-4050-A4DC-7818B97D2BD0}.Release|Any CPU.Build.0 = Release|Any CPU
		{060AC279-7F10-417A-9704-D12B445F91F6}.Debug|Any CPU.ActiveCfg = Debug|Any CPU
		{060AC279-7F10-417A-9704-D12B445F91F6}.Debug|Any CPU.Build.0 = Debug|Any CPU
		{060AC279-7F10-417A-9704-D12B445F91F6}.Release|Any CPU.ActiveCfg = Release|Any CPU
		{060AC279-7F10-417A-9704-D12B445F91F6}.Release|Any CPU.Build.0 = Release|Any CPU
	EndGlobalSection
	GlobalSection(SolutionProperties) = preSolution
		HideSolutionNode = FALSE
	EndGlobalSection
	GlobalSection(NestedProjects) = preSolution
		{C2FD3370-75A3-4EC2-A140-3FF1717B5094} = {0E7428FC-78F1-4AD6-806F-85BF37920DF7}
		{786F37B8-DD54-44D0-8D93-5877287E8CF5} = {0E7428FC-78F1-4AD6-806F-85BF37920DF7}
		{928FFDFB-83A6-4050-A4DC-7818B97D2BD0} = {0E7428FC-78F1-4AD6-806F-85BF37920DF7}
		{060AC279-7F10-417A-9704-D12B445F91F6} = {0E7428FC-78F1-4AD6-806F-85BF37920DF7}
	EndGlobalSection
	GlobalSection(ExtensibilityGlobals) = postSolution
		SolutionGuid = {8CD9800C-35C0-4509-8225-0ECD691A20C4}
	EndGlobalSection
EndGlobal
